
Microsoft Visual Studio Solution File, Format Version 12.00
# Visual Studio Version 16
VisualStudioVersion = 16.0.30114.59
MinimumVisualStudioVersion = 10.0.40219.1
Project("{C7167F0D-BC9F-4E6E-AFE1-012C56B48DB5}") = "DemoBuildCpp (Package)", "DemoBuildCpp\DemoBuildCpp (Package)\DemoBuildCpp (Package).wapproj", "{653C097C-90D3-48BB-80F4-0824AF8F63EC}"
EndProject
Project("{8BC9CEB8-8B4A-11D0-8D11-00A0C91BC942}") = "DemoBuildCpp", "DemoBuildCpp\DemoBuildCpp\DemoBuildCpp.vcxproj", "{B189B237-538F-4304-8F95-CBD61BE89313}"
EndProject
Global
	GlobalSection(SolutionConfigurationPlatforms) = preSolution
		Debug|x64 = Debug|x64
		Debug|x86 = Debug|x86
		Release|x64 = Release|x64
		Release|x86 = Release|x86
	EndGlobalSection
	GlobalSection(ProjectConfigurationPlatforms) = postSolution
		{653C097C-90D3-48BB-80F4-0824AF8F63EC}.Debug|x64.ActiveCfg = Debug|x64
		{653C097C-90D3-48BB-80F4-0824AF8F63EC}.Debug|x64.Build.0 = Debug|x64
		{653C097C-90D3-48BB-80F4-0824AF8F63EC}.Debug|x64.Deploy.0 = Debug|x64
		{653C097C-90D3-48BB-80F4-0824AF8F63EC}.Debug|x86.ActiveCfg = Debug|x86
		{653C097C-90D3-48BB-80F4-0824AF8F63EC}.Debug|x86.Build.0 = Debug|x86
		{653C097C-90D3-48BB-80F4-0824AF8F63EC}.Debug|x86.Deploy.0 = Debug|x86
		{653C097C-90D3-48BB-80F4-0824AF8F63EC}.Release|x64.ActiveCfg = Release|x64
		{653C097C-90D3-48BB-80F4-0824AF8F63EC}.Release|x64.Build.0 = Release|x64
		{653C097C-90D3-48BB-80F4-0824AF8F63EC}.Release|x64.Deploy.0 = Release|x64
		{653C097C-90D3-48BB-80F4-0824AF8F63EC}.Release|x86.ActiveCfg = Release|x86
		{653C097C-90D3-48BB-80F4-0824AF8F63EC}.Release|x86.Build.0 = Release|x86
		{653C097C-90D3-48BB-80F4-0824AF8F63EC}.Release|x86.Deploy.0 = Release|x86
		{B189B237-538F-4304-8F95-CBD61BE89313}.Debug|x64.ActiveCfg = Debug|x64
		{B189B237-538F-4304-8F95-CBD61BE89313}.Debug|x64.Build.0 = Debug|x64
		{B189B237-538F-4304-8F95-CBD61BE89313}.Debug|x86.ActiveCfg = Debug|Win32
		{B189B237-538F-4304-8F95-CBD61BE89313}.Debug|x86.Build.0 = Debug|Win32
		{B189B237-538F-4304-8F95-CBD61BE89313}.Release|x64.ActiveCfg = Release|x64
		{B189B237-538F-4304-8F95-CBD61BE89313}.Release|x64.Build.0 = Release|x64
		{B189B237-538F-4304-8F95-CBD61BE89313}.Release|x86.ActiveCfg = Release|Win32
		{B189B237-538F-4304-8F95-CBD61BE89313}.Release|x86.Build.0 = Release|Win32
	EndGlobalSection
	GlobalSection(SolutionProperties) = preSolution
		HideSolutionNode = FALSE
	EndGlobalSection
	GlobalSection(ExtensibilityGlobals) = postSolution
		SolutionGuid = {0F3495ED-5454-4C97-BDE2-4AB309B9A7D8}
	EndGlobalSection
EndGlobal
