
Microsoft Visual Studio Solution File, Format Version 12.00
# Visual Studio Version 16
VisualStudioVersion = 16.0.30310.162
MinimumVisualStudioVersion = 10.0.40219.1
Project("{C7167F0D-BC9F-4E6E-AFE1-012C56B48DB5}") = "ContosoAirlinePOSCpp (Package)", "ContosoAirlinePOSCpp\ContosoAirlinePOSCpp (Package)\ContosoAirlinePOSCpp (Package).wapproj", "{9F4D10E0-550B-48DA-9ACA-D45C47DD321D}"
EndProject
Project("{8BC9CEB8-8B4A-11D0-8D11-00A0C91BC942}") = "ContosoAirlinePOSCpp", "ContosoAirlinePOSCpp\ContosoAirlinePOSCpp\ContosoAirlinePOSCpp.vcxproj", "{78E01CFC-32AC-4298-A4E5-9A1CB602D52E}"
	ProjectSection(ProjectDependencies) = postProject
		{4E4735F8-3432-4577-B2BC-0AB1478C0295} = {4E4735F8-3432-4577-B2BC-0AB1478C0295}
	EndProjectSection
EndProject
Project("{8BC9CEB8-8B4A-11D0-8D11-00A0C91BC942}") = "ContosoSeatBooking", "ContosoSeatBooking\ContosoSeatBooking.vcxproj", "{4E4735F8-3432-4577-B2BC-0AB1478C0295}"
EndProject
Global
	GlobalSection(SolutionConfigurationPlatforms) = preSolution
		Debug|x64 = Debug|x64
		Debug|x86 = Debug|x86
		Release|x64 = Release|x64
		Release|x86 = Release|x86
	EndGlobalSection
	GlobalSection(ProjectConfigurationPlatforms) = postSolution
		{9F4D10E0-550B-48DA-9ACA-D45C47DD321D}.Debug|x64.ActiveCfg = Debug|x64
		{9F4D10E0-550B-48DA-9ACA-D45C47DD321D}.Debug|x64.Build.0 = Debug|x64
		{9F4D10E0-550B-48DA-9ACA-D45C47DD321D}.Debug|x64.Deploy.0 = Debug|x64
		{9F4D10E0-550B-48DA-9ACA-D45C47DD321D}.Debug|x86.ActiveCfg = Debug|x86
		{9F4D10E0-550B-48DA-9ACA-D45C47DD321D}.Debug|x86.Build.0 = Debug|x86
		{9F4D10E0-550B-48DA-9ACA-D45C47DD321D}.Debug|x86.Deploy.0 = Debug|x86
		{9F4D10E0-550B-48DA-9ACA-D45C47DD321D}.Release|x64.ActiveCfg = Release|x64
		{9F4D10E0-550B-48DA-9ACA-D45C47DD321D}.Release|x64.Build.0 = Release|x64
		{9F4D10E0-550B-48DA-9ACA-D45C47DD321D}.Release|x64.Deploy.0 = Release|x64
		{9F4D10E0-550B-48DA-9ACA-D45C47DD321D}.Release|x86.ActiveCfg = Release|x86
		{9F4D10E0-550B-48DA-9ACA-D45C47DD321D}.Release|x86.Build.0 = Release|x86
		{9F4D10E0-550B-48DA-9ACA-D45C47DD321D}.Release|x86.Deploy.0 = Release|x86
		{78E01CFC-32AC-4298-A4E5-9A1CB602D52E}.Debug|x64.ActiveCfg = Debug|x64
		{78E01CFC-32AC-4298-A4E5-9A1CB602D52E}.Debug|x64.Build.0 = Debug|x64
		{78E01CFC-32AC-4298-A4E5-9A1CB602D52E}.Debug|x86.ActiveCfg = Debug|Win32
		{78E01CFC-32AC-4298-A4E5-9A1CB602D52E}.Debug|x86.Build.0 = Debug|Win32
		{78E01CFC-32AC-4298-A4E5-9A1CB602D52E}.Release|x64.ActiveCfg = Release|x64
		{78E01CFC-32AC-4298-A4E5-9A1CB602D52E}.Release|x64.Build.0 = Release|x64
		{78E01CFC-32AC-4298-A4E5-9A1CB602D52E}.Release|x86.ActiveCfg = Release|Win32
		{78E01CFC-32AC-4298-A4E5-9A1CB602D52E}.Release|x86.Build.0 = Release|Win32
		{4E4735F8-3432-4577-B2BC-0AB1478C0295}.Debug|x64.ActiveCfg = Debug|x64
		{4E4735F8-3432-4577-B2BC-0AB1478C0295}.Debug|x64.Build.0 = Debug|x64
		{4E4735F8-3432-4577-B2BC-0AB1478C0295}.Debug|x86.ActiveCfg = Debug|Win32
		{4E4735F8-3432-4577-B2BC-0AB1478C0295}.Debug|x86.Build.0 = Debug|Win32
		{4E4735F8-3432-4577-B2BC-0AB1478C0295}.Release|x64.ActiveCfg = Release|x64
		{4E4735F8-3432-4577-B2BC-0AB1478C0295}.Release|x64.Build.0 = Release|x64
		{4E4735F8-3432-4577-B2BC-0AB1478C0295}.Release|x86.ActiveCfg = Release|Win32
		{4E4735F8-3432-4577-B2BC-0AB1478C0295}.Release|x86.Build.0 = Release|Win32
	EndGlobalSection
	GlobalSection(SolutionProperties) = preSolution
		HideSolutionNode = FALSE
	EndGlobalSection
	GlobalSection(ExtensibilityGlobals) = postSolution
		SolutionGuid = {C0D694FE-033E-45DE-9EAB-DBC981C2AF5A}
	EndGlobalSection
EndGlobal
