
Microsoft Visual Studio Solution File, Format Version 12.00
# Visual Studio Version 16
VisualStudioVersion = 16.0.30107.17
MinimumVisualStudioVersion = 10.0.40219.1
Project("{C7167F0D-BC9F-4E6E-AFE1-012C56B48DB5}") = "DemoBuildCs (Package)", "DemoBuildCs\DemoBuildCs (Package)\DemoBuildCs (Package).wapproj", "{EA34D324-478E-452E-8B03-DB978ADEB36A}"
EndProject
Project("{FAE04EC0-301F-11D3-BF4B-00C04F79EFBC}") = "DemoBuildCs", "DemoBuildCs\DemoBuildCs\DemoBuildCs.csproj", "{67299DBF-0BAE-45AE-ABB9-5E18638EEE68}"
EndProject
Global
	GlobalSection(SolutionConfigurationPlatforms) = preSolution
		Debug|Any CPU = Debug|Any CPU
		Debug|x64 = Debug|x64
		Debug|x86 = Debug|x86
		Release|Any CPU = Release|Any CPU
		Release|x64 = Release|x64
		Release|x86 = Release|x86
	EndGlobalSection
	GlobalSection(ProjectConfigurationPlatforms) = postSolution
		{EA34D324-478E-452E-8B03-DB978ADEB36A}.Debug|Any CPU.ActiveCfg = Debug|x86
		{EA34D324-478E-452E-8B03-DB978ADEB36A}.Debug|x64.ActiveCfg = Debug|x64
		{EA34D324-478E-452E-8B03-DB978ADEB36A}.Debug|x64.Build.0 = Debug|x64
		{EA34D324-478E-452E-8B03-DB978ADEB36A}.Debug|x64.Deploy.0 = Debug|x64
		{EA34D324-478E-452E-8B03-DB978ADEB36A}.Debug|x86.ActiveCfg = Debug|x86
		{EA34D324-478E-452E-8B03-DB978ADEB36A}.Debug|x86.Build.0 = Debug|x86
		{EA34D324-478E-452E-8B03-DB978ADEB36A}.Debug|x86.Deploy.0 = Debug|x86
		{EA34D324-478E-452E-8B03-DB978ADEB36A}.Release|Any CPU.ActiveCfg = Release|x86
		{EA34D324-478E-452E-8B03-DB978ADEB36A}.Release|x64.ActiveCfg = Release|x64
		{EA34D324-478E-452E-8B03-DB978ADEB36A}.Release|x64.Build.0 = Release|x64
		{EA34D324-478E-452E-8B03-DB978ADEB36A}.Release|x64.Deploy.0 = Release|x64
		{EA34D324-478E-452E-8B03-DB978ADEB36A}.Release|x86.ActiveCfg = Release|x86
		{EA34D324-478E-452E-8B03-DB978ADEB36A}.Release|x86.Build.0 = Release|x86
		{EA34D324-478E-452E-8B03-DB978ADEB36A}.Release|x86.Deploy.0 = Release|x86
		{67299DBF-0BAE-45AE-ABB9-5E18638EEE68}.Debug|Any CPU.ActiveCfg = Debug|Any CPU
		{67299DBF-0BAE-45AE-ABB9-5E18638EEE68}.Debug|Any CPU.Build.0 = Debug|Any CPU
		{67299DBF-0BAE-45AE-ABB9-5E18638EEE68}.Debug|x64.ActiveCfg = Debug|x64
		{67299DBF-0BAE-45AE-ABB9-5E18638EEE68}.Debug|x64.Build.0 = Debug|x64
		{67299DBF-0BAE-45AE-ABB9-5E18638EEE68}.Debug|x86.ActiveCfg = Debug|x86
		{67299DBF-0BAE-45AE-ABB9-5E18638EEE68}.Debug|x86.Build.0 = Debug|x86
		{67299DBF-0BAE-45AE-ABB9-5E18638EEE68}.Release|Any CPU.ActiveCfg = Release|Any CPU
		{67299DBF-0BAE-45AE-ABB9-5E18638EEE68}.Release|Any CPU.Build.0 = Release|Any CPU
		{67299DBF-0BAE-45AE-ABB9-5E18638EEE68}.Release|x64.ActiveCfg = Release|x64
		{67299DBF-0BAE-45AE-ABB9-5E18638EEE68}.Release|x64.Build.0 = Release|x64
		{67299DBF-0BAE-45AE-ABB9-5E18638EEE68}.Release|x86.ActiveCfg = Release|x86
		{67299DBF-0BAE-45AE-ABB9-5E18638EEE68}.Release|x86.Build.0 = Release|x86
	EndGlobalSection
	GlobalSection(SolutionProperties) = preSolution
		HideSolutionNode = FALSE
	EndGlobalSection
	GlobalSection(ExtensibilityGlobals) = postSolution
		SolutionGuid = {9476BED9-4325-4ED2-8266-E1724D801594}
	EndGlobalSection
EndGlobal
